// !$*UTF8*$!
{
	archiveVersion = 1;
	classes = {
	};
	objectVersion = 77;
	objects = {

/* Begin PBXBuildFile section */
		DC0000010000000000000003 /* DoomMode.swift in Sources */ = {isa = PBXBuildFile; fileRef = DC0000010000000000000004 /* DoomMode.swift */; };
		DC0000010000000000000005 /* DoomSettings.swift in Sources */ = {isa = PBXBuildFile; fileRef = DC0000010000000000000006 /* DoomSettings.swift */; };
		DC0000010000000000000007 /* PersistenceService.swift in Sources */ = {isa = PBXBuildFile; fileRef = DC0000010000000000000008 /* PersistenceService.swift */; };
		DC0000010000000000000009 /* CountdownFormatter.swift in Sources */ = {isa = PBXBuildFile; fileRef = DC000001000000000000000A /* CountdownFormatter.swift */; };
		DC000001000000000000000B /* DoomMode.swift in Sources */ = {isa = PBXBuildFile; fileRef = DC0000010000000000000004 /* DoomMode.swift */; };
		DC000001000000000000000C /* DoomSettings.swift in Sources */ = {isa = PBXBuildFile; fileRef = DC0000010000000000000006 /* DoomSettings.swift */; };
		DC000001000000000000000D /* PersistenceService.swift in Sources */ = {isa = PBXBuildFile; fileRef = DC0000010000000000000008 /* PersistenceService.swift */; };
		DC000001000000000000000E /* CountdownFormatter.swift in Sources */ = {isa = PBXBuildFile; fileRef = DC000001000000000000000A /* CountdownFormatter.swift */; };
		DC000001000000000000001B /* DoomClockComplication.swift in Sources */ = {isa = PBXBuildFile; fileRef = DC000001000000000000001C /* DoomClockComplication.swift */; };
		DC000001000000000000001F /* SharedDefaults.swift in Sources */ = {isa = PBXBuildFile; fileRef = DC0000010000000000000020 /* SharedDefaults.swift */; };
		DC0000010000000000000021 /* SharedDefaults.swift in Sources */ = {isa = PBXBuildFile; fileRef = DC0000010000000000000020 /* SharedDefaults.swift */; };
		DC0000020000000000000010 /* DoomClock Watch App.app in Embed Watch Content */ = {isa = PBXBuildFile; fileRef = CFA54AA42FA8B46400956098 /* DoomClock Watch App.app */; settings = {ATTRIBUTES = (RemoveHeadersOnCopy, ); }; };
		DC0000020000000000000011 /* DoomMode.swift in Sources */ = {isa = PBXBuildFile; fileRef = DC0000010000000000000004 /* DoomMode.swift */; };
		DC0000020000000000000012 /* DoomSettings.swift in Sources */ = {isa = PBXBuildFile; fileRef = DC0000010000000000000006 /* DoomSettings.swift */; };
		DC0000020000000000000013 /* PersistenceService.swift in Sources */ = {isa = PBXBuildFile; fileRef = DC0000010000000000000008 /* PersistenceService.swift */; };
		DC0000020000000000000014 /* CountdownFormatter.swift in Sources */ = {isa = PBXBuildFile; fileRef = DC000001000000000000000A /* CountdownFormatter.swift */; };
		DC0000020000000000000015 /* SharedDefaults.swift in Sources */ = {isa = PBXBuildFile; fileRef = DC0000010000000000000020 /* SharedDefaults.swift */; };
/* End PBXBuildFile section */

/* Begin PBXContainerItemProxy section */
		DC0000030000000000000009 /* PBXContainerItemProxy */ = {
			isa = PBXContainerItemProxy;
			containerPortal = CFA54A982FA8B46400956098 /* Project object */;
			proxyType = 1;
			remoteGlobalIDString = CFA54AA32FA8B46400956098;
			remoteInfo = "DoomClock Watch App";
		};
/* End PBXContainerItemProxy section */

/* Begin PBXCopyFilesBuildPhase section */
		DC0000030000000000000008 /* Embed Watch Content */ = {
			isa = PBXCopyFilesBuildPhase;
			buildActionMask = 2147483647;
			dstPath = "$(CONTENTS_FOLDER_PATH)/Watch";
			dstSubfolderSpec = 16;
			files = (
				DC0000020000000000000010 /* DoomClock Watch App.app in Embed Watch Content */,
			);
			name = "Embed Watch Content";
			runOnlyForDeploymentPostprocessing = 0;
		};
/* End PBXCopyFilesBuildPhase section */

/* Begin PBXFileReference section */
		CFA54AA42FA8B46400956098 /* DoomClock Watch App.app */ = {isa = PBXFileReference; explicitFileType = wrapper.application; includeInIndex = 0; path = "DoomClock Watch App.app"; sourceTree = BUILT_PRODUCTS_DIR; };
		DC0000010000000000000002 /* DoomClock Complication.appex */ = {isa = PBXFileReference; explicitFileType = "wrapper.app-extension"; includeInIndex = 0; path = "DoomClock Complication.appex"; sourceTree = BUILT_PRODUCTS_DIR; };
		DC0000010000000000000004 /* DoomMode.swift */ = {isa = PBXFileReference; lastKnownFileType = sourcecode.swift; path = DoomMode.swift; sourceTree = "<group>"; };
		DC0000010000000000000006 /* DoomSettings.swift */ = {isa = PBXFileReference; lastKnownFileType = sourcecode.swift; path = DoomSettings.swift; sourceTree = "<group>"; };
		DC0000010000000000000008 /* PersistenceService.swift */ = {isa = PBXFileReference; lastKnownFileType = sourcecode.swift; path = PersistenceService.swift; sourceTree = "<group>"; };
		DC000001000000000000000A /* CountdownFormatter.swift */ = {isa = PBXFileReference; lastKnownFileType = sourcecode.swift; path = CountdownFormatter.swift; sourceTree = "<group>"; };
		DC000001000000000000001C /* DoomClockComplication.swift */ = {isa = PBXFileReference; lastKnownFileType = sourcecode.swift; path = DoomClockComplication.swift; sourceTree = "<group>"; };
		DC000001000000000000001D /* Info.plist */ = {isa = PBXFileReference; lastKnownFileType = text.plist.xml; path = Info.plist; sourceTree = "<group>"; };
		DC000001000000000000001E /* DoomClock Complication.entitlements */ = {isa = PBXFileReference; lastKnownFileType = text.plist.entitlements; path = "DoomClock Complication.entitlements"; sourceTree = "<group>"; };
		DC0000010000000000000020 /* SharedDefaults.swift */ = {isa = PBXFileReference; lastKnownFileType = sourcecode.swift; path = SharedDefaults.swift; sourceTree = "<group>"; };
		DC0000020000000000000001 /* DoomClock iOS.app */ = {isa = PBXFileReference; explicitFileType = wrapper.application; includeInIndex = 0; path = "DoomClock iOS.app"; sourceTree = BUILT_PRODUCTS_DIR; };
/* End PBXFileReference section */

/* Begin PBXFileSystemSynchronizedRootGroup section */
		CFA54AA82FA8B46400956098 /* DoomClock Watch App */ = {
			isa = PBXFileSystemSynchronizedRootGroup;
			path = "DoomClock Watch App";
			sourceTree = "<group>";
		};
		DC0000020000000000000002 /* DoomClock iOS */ = {
			isa = PBXFileSystemSynchronizedRootGroup;
			path = "DoomClock iOS";
			sourceTree = "<group>";
		};
/* End PBXFileSystemSynchronizedRootGroup section */

/* Begin PBXFrameworksBuildPhase section */
		CFA54AA12FA8B46400956098 /* Frameworks */ = {
			isa = PBXFrameworksBuildPhase;
			buildActionMask = 2147483647;
			files = (
			);
			runOnlyForDeploymentPostprocessing = 0;
		};
		DC0000010000000000000013 /* Frameworks */ = {
			isa = PBXFrameworksBuildPhase;
			buildActionMask = 2147483647;
			files = (
			);
			runOnlyForDeploymentPostprocessing = 0;
		};
		DC0000030000000000000006 /* Frameworks */ = {
			isa = PBXFrameworksBuildPhase;
			buildActionMask = 2147483647;
			files = (
			);
			runOnlyForDeploymentPostprocessing = 0;
		};
/* End PBXFrameworksBuildPhase section */

/* Begin PBXGroup section */
		CFA54A972FA8B46400956098 = {
			isa = PBXGroup;
			children = (
				DC0000020000000000000002 /* DoomClock iOS */,
				CFA54AA82FA8B46400956098 /* DoomClock Watch App */,
				DC0000010000000000000014 /* Shared */,
				DC0000010000000000000012 /* DoomClock Complication */,
				CFA54A9F2FA8B46400956098 /* Products */,
			);
			sourceTree = "<group>";
		};
		CFA54A9F2FA8B46400956098 /* Products */ = {
			isa = PBXGroup;
			children = (
				DC0000020000000000000001 /* DoomClock iOS.app */,
				CFA54AA42FA8B46400956098 /* DoomClock Watch App.app */,
				DC0000010000000000000002 /* DoomClock Complication.appex */,
			);
			name = Products;
			sourceTree = "<group>";
		};
		DC0000010000000000000012 /* DoomClock Complication */ = {
			isa = PBXGroup;
			children = (
				DC000001000000000000001C /* DoomClockComplication.swift */,
				DC000001000000000000001D /* Info.plist */,
				DC000001000000000000001E /* DoomClock Complication.entitlements */,
			);
			path = "DoomClock Complication";
			sourceTree = "<group>";
		};
		DC0000010000000000000014 /* Shared */ = {
			isa = PBXGroup;
			children = (
				DC0000010000000000000004 /* DoomMode.swift */,
				DC0000010000000000000006 /* DoomSettings.swift */,
				DC0000010000000000000008 /* PersistenceService.swift */,
				DC000001000000000000000A /* CountdownFormatter.swift */,
				DC0000010000000000000020 /* SharedDefaults.swift */,
			);
			path = Shared;
			sourceTree = "<group>";
		};
/* End PBXGroup section */

/* Begin PBXNativeTarget section */
		CFA54AA32FA8B46400956098 /* DoomClock Watch App */ = {
			isa = PBXNativeTarget;
			buildConfigurationList = CFA54AB12FA8B46500956098 /* Build configuration list for PBXNativeTarget "DoomClock Watch App" */;
			buildPhases = (
				CFA54AA02FA8B46400956098 /* Sources */,
				CFA54AA12FA8B46400956098 /* Frameworks */,
				CFA54AA22FA8B46400956098 /* Resources */,
			);
			buildRules = (
			);
			dependencies = (
			);
			fileSystemSynchronizedGroups = (
				CFA54AA82FA8B46400956098 /* DoomClock Watch App */,
			);
			name = "DoomClock Watch App";
			packageProductDependencies = (
			);
			productName = "DoomClock Watch App";
			productReference = CFA54AA42FA8B46400956098 /* DoomClock Watch App.app */;
			productType = "com.apple.product-type.application";
		};
		DC0000010000000000000010 /* DoomClock Complication */ = {
			isa = PBXNativeTarget;
			buildConfigurationList = DC0000010000000000000016 /* Build configuration list for PBXNativeTarget "DoomClock Complication" */;
			buildPhases = (
				DC0000010000000000000017 /* Sources */,
				DC0000010000000000000013 /* Frameworks */,
				DC0000010000000000000018 /* Resources */,
			);
			buildRules = (
			);
			dependencies = (
			);
			name = "DoomClock Complication";
			packageProductDependencies = (
			);
			productName = "DoomClock Complication";
			productReference = DC0000010000000000000002 /* DoomClock Complication.appex */;
			productType = "com.apple.product-type.app-extension";
		};
		DC0000030000000000000001 /* DoomClock iOS */ = {
			isa = PBXNativeTarget;
			buildConfigurationList = DC0000030000000000000002 /* Build configuration list for PBXNativeTarget "DoomClock iOS" */;
			buildPhases = (
				DC0000030000000000000004 /* Sources */,
				DC0000030000000000000006 /* Frameworks */,
				DC0000030000000000000007 /* Resources */,
				DC0000030000000000000008 /* Embed Watch Content */,
			);
			buildRules = (
			);
			dependencies = (
				DC000003000000000000000A /* PBXTargetDependency */,
			);
			fileSystemSynchronizedGroups = (
				DC0000020000000000000002 /* DoomClock iOS */,
			);
			name = "DoomClock iOS";
			packageProductDependencies = (
			);
			productName = "DoomClock iOS";
			productReference = DC0000020000000000000001 /* DoomClock iOS.app */;
			productType = "com.apple.product-type.application";
		};
/* End PBXNativeTarget section */

/* Begin PBXProject section */
		CFA54A982FA8B46400956098 /* Project object */ = {
			isa = PBXProject;
			attributes = {
				BuildIndependentTargetsInParallel = 1;
				LastSwiftUpdateCheck = 2640;
				LastUpgradeCheck = 2640;
				TargetAttributes = {
					CFA54AA32FA8B46400956098 = {
						CreatedOnToolsVersion = 26.4.1;
					};
					DC0000010000000000000010 = {
						CreatedOnToolsVersion = 26.4.1;
						SystemCapabilities = {
							com.apple.ApplicationGroups.iOS = {
								enabled = 1;
							};
						};
					};
					DC0000030000000000000001 = {
						CreatedOnToolsVersion = 26.4.1;
					};
				};
			};
			buildConfigurationList = CFA54A9B2FA8B46400956098 /* Build configuration list for PBXProject "DoomClock" */;
			developmentRegion = en;
			hasScannedForEncodings = 0;
			knownRegions = (
				en,
				Base,
			);
			mainGroup = CFA54A972FA8B46400956098;
			minimizedProjectReferenceProxies = 1;
			preferredProjectObjectVersion = 77;
			productRefGroup = CFA54A9F2FA8B46400956098 /* Products */;
			projectDirPath = "";
			projectRoot = "";
			targets = (
				DC0000030000000000000001 /* DoomClock iOS */,
				CFA54AA32FA8B46400956098 /* DoomClock Watch App */,
				DC0000010000000000000010 /* DoomClock Complication */,
			);
		};
/* End PBXProject section */

/* Begin PBXResourcesBuildPhase section */
		CFA54AA22FA8B46400956098 /* Resources */ = {
			isa = PBXResourcesBuildPhase;
			buildActionMask = 2147483647;
			files = (
			);
			runOnlyForDeploymentPostprocessing = 0;
		};
		DC0000010000000000000018 /* Resources */ = {
			isa = PBXResourcesBuildPhase;
			buildActionMask = 2147483647;
			files = (
			);
			runOnlyForDeploymentPostprocessing = 0;
		};
		DC0000030000000000000007 /* Resources */ = {
			isa = PBXResourcesBuildPhase;
			buildActionMask = 2147483647;
			files = (
			);
			runOnlyForDeploymentPostprocessing = 0;
		};
/* End PBXResourcesBuildPhase section */

/* Begin PBXSourcesBuildPhase section */
		CFA54AA02FA8B46400956098 /* Sources */ = {
			isa = PBXSourcesBuildPhase;
			buildActionMask = 2147483647;
			files = (
				DC0000010000000000000003 /* DoomMode.swift in Sources */,
				DC0000010000000000000005 /* DoomSettings.swift in Sources */,
				DC0000010000000000000007 /* PersistenceService.swift in Sources */,
				DC0000010000000000000009 /* CountdownFormatter.swift in Sources */,
				DC000001000000000000001F /* SharedDefaults.swift in Sources */,
			);
			runOnlyForDeploymentPostprocessing = 0;
		};
		DC0000010000000000000017 /* Sources */ = {
			isa = PBXSourcesBuildPhase;
			buildActionMask = 2147483647;
			files = (
				DC000001000000000000000B /* DoomMode.swift in Sources */,
				DC000001000000000000000C /* DoomSettings.swift in Sources */,
				DC000001000000000000000D /* PersistenceService.swift in Sources */,
				DC000001000000000000000E /* CountdownFormatter.swift in Sources */,
				DC0000010000000000000021 /* SharedDefaults.swift in Sources */,
				DC000001000000000000001B /* DoomClockComplication.swift in Sources */,
			);
			runOnlyForDeploymentPostprocessing = 0;
		};
		DC0000030000000000000004 /* Sources */ = {
			isa = PBXSourcesBuildPhase;
			buildActionMask = 2147483647;
			files = (
				DC0000020000000000000011 /* DoomMode.swift in Sources */,
				DC0000020000000000000012 /* DoomSettings.swift in Sources */,
				DC0000020000000000000013 /* PersistenceService.swift in Sources */,
				DC0000020000000000000014 /* CountdownFormatter.swift in Sources */,
				DC0000020000000000000015 /* SharedDefaults.swift in Sources */,
			);
			runOnlyForDeploymentPostprocessing = 0;
		};
/* End PBXSourcesBuildPhase section */

/* Begin PBXTargetDependency section */
		DC000003000000000000000A /* PBXTargetDependency */ = {
			isa = PBXTargetDependency;
			target = CFA54AA32FA8B46400956098 /* DoomClock Watch App */;
			targetProxy = DC0000030000000000000009 /* PBXContainerItemProxy */;
		};
/* End PBXTargetDependency section */

/* Begin XCBuildConfiguration section */
		CFA54AAF2FA8B46500956098 /* Debug */ = {
			isa = XCBuildConfiguration;
			buildSettings = {
				ALWAYS_SEARCH_USER_PATHS = NO;
				ASSETCATALOG_COMPILER_GENERATE_SWIFT_ASSET_SYMBOL_EXTENSIONS = YES;
				CLANG_ANALYZER_NONNULL = YES;
				CLANG_ANALYZER_NUMBER_OBJECT_CONVERSION = YES_AGGRESSIVE;
				CLANG_CXX_LANGUAGE_STANDARD = "gnu++20";
				CLANG_ENABLE_MODULES = YES;
				CLANG_ENABLE_OBJC_ARC = YES;
				CLANG_ENABLE_OBJC_WEAK = YES;
				CLANG_WARN_BLOCK_CAPTURE_AUTORELEASING = YES;
				CLANG_WARN_BOOL_CONVERSION = YES;
				CLANG_WARN_COMMA = YES;
				CLANG_WARN_CONSTANT_CONVERSION = YES;
				CLANG_WARN_DEPRECATED_OBJC_IMPLEMENTATIONS = YES;
				CLANG_WARN_DIRECT_OBJC_ISA_USAGE = YES_ERROR;
				CLANG_WARN_DOCUMENTATION_COMMENTS = YES;
				CLANG_WARN_EMPTY_BODY = YES;
				CLANG_WARN_ENUM_CONVERSION = YES;
				CLANG_WARN_INFINITE_RECURSION = YES;
				CLANG_WARN_INT_CONVERSION = YES;
				CLANG_WARN_NON_LITERAL_NULL_CONVERSION = YES;
				CLANG_WARN_OBJC_IMPLICIT_RETAIN_SELF = YES;
				CLANG_WARN_OBJC_LITERAL_CONVERSION = YES;
				CLANG_WARN_OBJC_ROOT_CLASS = YES_ERROR;
				CLANG_WARN_QUOTED_INCLUDE_IN_FRAMEWORK_HEADER = YES;
				CLANG_WARN_RANGE_LOOP_ANALYSIS = YES;
				CLANG_WARN_STRICT_PROTOTYPES = YES;
				CLANG_WARN_SUSPICIOUS_MOVE = YES;
				CLANG_WARN_UNGUARDED_AVAILABILITY = YES_AGGRESSIVE;
				CLANG_WARN_UNREACHABLE_CODE = YES;
				CLANG_WARN__DUPLICATE_METHOD_MATCH = YES;
				COPY_PHASE_STRIP = NO;
				DEBUG_INFORMATION_FORMAT = dwarf;
				DEVELOPMENT_TEAM = 83F7KY8L5Y;
				ENABLE_STRICT_OBJC_MSGSEND = YES;
				ENABLE_TESTABILITY = YES;
				ENABLE_USER_SCRIPT_SANDBOXING = YES;
				GCC_C_LANGUAGE_STANDARD = gnu17;
				GCC_DYNAMIC_NO_PIC = NO;
				GCC_NO_COMMON_BLOCKS = YES;
				GCC_OPTIMIZATION_LEVEL = 0;
				GCC_PREPROCESSOR_DEFINITIONS = (
					"DEBUG=1",
					"$(inherited)",
				);
				GCC_WARN_64_TO_32_BIT_CONVERSION = YES;
				GCC_WARN_ABOUT_RETURN_TYPE = YES_ERROR;
				GCC_WARN_UNDECLARED_SELECTOR = YES;
				GCC_WARN_UNINITIALIZED_AUTOS = YES_AGGRESSIVE;
				GCC_WARN_UNUSED_FUNCTION = YES;
				GCC_WARN_UNUSED_VARIABLE = YES;
				LOCALIZATION_PREFERS_STRING_CATALOGS = YES;
				MTL_ENABLE_DEBUG_INFO = INCLUDE_SOURCE;
				MTL_FAST_MATH = YES;
				ONLY_ACTIVE_ARCH = YES;
				SWIFT_ACTIVE_COMPILATION_CONDITIONS = "DEBUG $(inherited)";
				SWIFT_OPTIMIZATION_LEVEL = "-Onone";
			};
			name = Debug;
		};
		CFA54AB02FA8B46500956098 /* Release */ = {
			isa = XCBuildConfiguration;
			buildSettings = {
				ALWAYS_SEARCH_USER_PATHS = NO;
				ASSETCATALOG_COMPILER_GENERATE_SWIFT_ASSET_SYMBOL_EXTENSIONS = YES;
				CLANG_ANALYZER_NONNULL = YES;
				CLANG_ANALYZER_NUMBER_OBJECT_CONVERSION = YES_AGGRESSIVE;
				CLANG_CXX_LANGUAGE_STANDARD = "gnu++20";
				CLANG_ENABLE_MODULES = YES;
				CLANG_ENABLE_OBJC_ARC = YES;
				CLANG_ENABLE_OBJC_WEAK = YES;
				CLANG_WARN_BLOCK_CAPTURE_AUTORELEASING = YES;
				CLANG_WARN_BOOL_CONVERSION = YES;
				CLANG_WARN_COMMA = YES;
				CLANG_WARN_CONSTANT_CONVERSION = YES;
				CLANG_WARN_DEPRECATED_OBJC_IMPLEMENTATIONS = YES;
				CLANG_WARN_DIRECT_OBJC_ISA_USAGE = YES_ERROR;
				CLANG_WARN_DOCUMENTATION_COMMENTS = YES;
				CLANG_WARN_EMPTY_BODY = YES;
				CLANG_WARN_ENUM_CONVERSION = YES;
				CLANG_WARN_INFINITE_RECURSION = YES;
				CLANG_WARN_INT_CONVERSION = YES;
				CLANG_WARN_NON_LITERAL_NULL_CONVERSION = YES;
				CLANG_WARN_OBJC_IMPLICIT_RETAIN_SELF = YES;
				CLANG_WARN_OBJC_LITERAL_CONVERSION = YES;
				CLANG_WARN_OBJC_ROOT_CLASS = YES_ERROR;
				CLANG_WARN_QUOTED_INCLUDE_IN_FRAMEWORK_HEADER = YES;
				CLANG_WARN_RANGE_LOOP_ANALYSIS = YES;
				CLANG_WARN_STRICT_PROTOTYPES = YES;
				CLANG_WARN_SUSPICIOUS_MOVE = YES;
				CLANG_WARN_UNGUARDED_AVAILABILITY = YES_AGGRESSIVE;
				CLANG_WARN_UNREACHABLE_CODE = YES;
				CLANG_WARN__DUPLICATE_METHOD_MATCH = YES;
				COPY_PHASE_STRIP = NO;
				DEBUG_INFORMATION_FORMAT = "dwarf-with-dsym";
				DEVELOPMENT_TEAM = 83F7KY8L5Y;
				ENABLE_NS_ASSERTIONS = NO;
				ENABLE_STRICT_OBJC_MSGSEND = YES;
				ENABLE_USER_SCRIPT_SANDBOXING = YES;
				GCC_C_LANGUAGE_STANDARD = gnu17;
				GCC_NO_COMMON_BLOCKS = YES;
				GCC_WARN_64_TO_32_BIT_CONVERSION = YES;
				GCC_WARN_ABOUT_RETURN_TYPE = YES_ERROR;
				GCC_WARN_UNDECLARED_SELECTOR = YES;
				GCC_WARN_UNINITIALIZED_AUTOS = YES_AGGRESSIVE;
				GCC_WARN_UNUSED_FUNCTION = YES;
				GCC_WARN_UNUSED_VARIABLE = YES;
				LOCALIZATION_PREFERS_STRING_CATALOGS = YES;
				MTL_ENABLE_DEBUG_INFO = NO;
				MTL_FAST_MATH = YES;
				SWIFT_COMPILATION_MODE = wholemodule;
			};
			name = Release;
		};
		CFA54AB22FA8B46500956098 /* Debug */ = {
			isa = XCBuildConfiguration;
			buildSettings = {
				ASSETCATALOG_COMPILER_APPICON_NAME = AppIcon;
				ASSETCATALOG_COMPILER_GLOBAL_ACCENT_COLOR_NAME = AccentColor;
				CODE_SIGN_ENTITLEMENTS = "DoomClock Watch App/DoomClock Watch App.entitlements";
				CODE_SIGN_STYLE = Automatic;
				CURRENT_PROJECT_VERSION = 1;
				DEVELOPMENT_TEAM = 83F7KY8L5Y;
				ENABLE_PREVIEWS = YES;
				GENERATE_INFOPLIST_FILE = YES;
				INFOPLIST_KEY_CFBundleDisplayName = DoomClock;
				INFOPLIST_KEY_UISupportedInterfaceOrientations = "UIInterfaceOrientationPortrait UIInterfaceOrientationPortraitUpsideDown";
				INFOPLIST_KEY_WKCompanionAppBundleIdentifier = Gazza.DoomClock;
				LD_RUNPATH_SEARCH_PATHS = (
					"$(inherited)",
					"@executable_path/Frameworks",
				);
				MARKETING_VERSION = 1.0;
				PRODUCT_BUNDLE_IDENTIFIER = Gazza.DoomClock.watchkitapp;
				PRODUCT_NAME = "$(TARGET_NAME)";
				SDKROOT = watchos;
				SKIP_INSTALL = YES;
				STRING_CATALOG_GENERATE_SYMBOLS = YES;
				SWIFT_APPROACHABLE_CONCURRENCY = YES;
				SWIFT_DEFAULT_ACTOR_ISOLATION = MainActor;
				SWIFT_EMIT_LOC_STRINGS = YES;
				SWIFT_UPCOMING_FEATURE_MEMBER_IMPORT_VISIBILITY = YES;
				SWIFT_VERSION = 5.0;
				TARGETED_DEVICE_FAMILY = 4;
				WATCHOS_DEPLOYMENT_TARGET = 11.6;
			};
			name = Debug;
		};
		CFA54AB32FA8B46500956098 /* Release */ = {
			isa = XCBuildConfiguration;
			buildSettings = {
				ASSETCATALOG_COMPILER_APPICON_NAME = AppIcon;
				ASSETCATALOG_COMPILER_GLOBAL_ACCENT_COLOR_NAME = AccentColor;
				CODE_SIGN_ENTITLEMENTS = "DoomClock Watch App/DoomClock Watch App.entitlements";
				CODE_SIGN_STYLE = Automatic;
				CURRENT_PROJECT_VERSION = 1;
				DEVELOPMENT_TEAM = 83F7KY8L5Y;
				ENABLE_PREVIEWS = YES;
				GENERATE_INFOPLIST_FILE = YES;
				INFOPLIST_KEY_CFBundleDisplayName = DoomClock;
				INFOPLIST_KEY_UISupportedInterfaceOrientations = "UIInterfaceOrientationPortrait UIInterfaceOrientationPortraitUpsideDown";
				INFOPLIST_KEY_WKCompanionAppBundleIdentifier = Gazza.DoomClock;
				LD_RUNPATH_SEARCH_PATHS = (
					"$(inherited)",
					"@executable_path/Frameworks",
				);
				MARKETING_VERSION = 1.0;
				PRODUCT_BUNDLE_IDENTIFIER = Gazza.DoomClock.watchkitapp;
				PRODUCT_NAME = "$(TARGET_NAME)";
				SDKROOT = watchos;
				SKIP_INSTALL = YES;
				STRING_CATALOG_GENERATE_SYMBOLS = YES;
				SWIFT_APPROACHABLE_CONCURRENCY = YES;
				SWIFT_DEFAULT_ACTOR_ISOLATION = MainActor;
				SWIFT_EMIT_LOC_STRINGS = YES;
				SWIFT_UPCOMING_FEATURE_MEMBER_IMPORT_VISIBILITY = YES;
				SWIFT_VERSION = 5.0;
				TARGETED_DEVICE_FAMILY = 4;
				VALIDATE_PRODUCT = YES;
				WATCHOS_DEPLOYMENT_TARGET = 11.6;
			};
			name = Release;
		};
		DC0000010000000000000019 /* Debug */ = {
			isa = XCBuildConfiguration;
			buildSettings = {
				APPLICATION_EXTENSION_API_ONLY = YES;
				CODE_SIGN_ENTITLEMENTS = "DoomClock Complication/DoomClock Complication.entitlements";
				CODE_SIGN_STYLE = Automatic;
				CURRENT_PROJECT_VERSION = 1;
				DEVELOPMENT_TEAM = 83F7KY8L5Y;
				ENABLE_PREVIEWS = YES;
				GENERATE_INFOPLIST_FILE = NO;
				INFOPLIST_FILE = "DoomClock Complication/Info.plist";
				LD_RUNPATH_SEARCH_PATHS = (
					"$(inherited)",
					"@executable_path/Frameworks",
					"@executable_path/../../Frameworks",
					"@executable_path/../../../../Frameworks",
				);
				MARKETING_VERSION = 1.0;
				PRODUCT_BUNDLE_IDENTIFIER = Gazza.DoomClock.watchkitapp.DoomClockComplication;
				PRODUCT_NAME = "$(TARGET_NAME)";
				SDKROOT = watchos;
				SKIP_INSTALL = YES;
				STRING_CATALOG_GENERATE_SYMBOLS = YES;
				SWIFT_APPROACHABLE_CONCURRENCY = YES;
				SWIFT_EMIT_LOC_STRINGS = YES;
				SWIFT_UPCOMING_FEATURE_MEMBER_IMPORT_VISIBILITY = YES;
				SWIFT_VERSION = 5.0;
				TARGETED_DEVICE_FAMILY = 4;
				WATCHOS_DEPLOYMENT_TARGET = 11.6;
			};
			name = Debug;
		};
		DC000001000000000000001A /* Release */ = {
			isa = XCBuildConfiguration;
			buildSettings = {
				APPLICATION_EXTENSION_API_ONLY = YES;
				CODE_SIGN_ENTITLEMENTS = "DoomClock Complication/DoomClock Complication.entitlements";
				CODE_SIGN_STYLE = Automatic;
				CURRENT_PROJECT_VERSION = 1;
				DEVELOPMENT_TEAM = 83F7KY8L5Y;
				ENABLE_PREVIEWS = YES;
				GENERATE_INFOPLIST_FILE = NO;
				INFOPLIST_FILE = "DoomClock Complication/Info.plist";
				LD_RUNPATH_SEARCH_PATHS = (
					"$(inherited)",
					"@executable_path/Frameworks",
					"@executable_path/../../Frameworks",
					"@executable_path/../../../../Frameworks",
				);
				MARKETING_VERSION = 1.0;
				PRODUCT_BUNDLE_IDENTIFIER = Gazza.DoomClock.watchkitapp.DoomClockComplication;
				PRODUCT_NAME = "$(TARGET_NAME)";
				SDKROOT = watchos;
				SKIP_INSTALL = YES;
				STRING_CATALOG_GENERATE_SYMBOLS = YES;
				SWIFT_APPROACHABLE_CONCURRENCY = YES;
				SWIFT_EMIT_LOC_STRINGS = YES;
				SWIFT_UPCOMING_FEATURE_MEMBER_IMPORT_VISIBILITY = YES;
				SWIFT_VERSION = 5.0;
				TARGETED_DEVICE_FAMILY = 4;
				VALIDATE_PRODUCT = YES;
				WATCHOS_DEPLOYMENT_TARGET = 11.6;
			};
			name = Release;
		};
		DC000003000000000000000B /* Debug */ = {
			isa = XCBuildConfiguration;
			buildSettings = {
				ASSETCATALOG_COMPILER_APPICON_NAME = AppIcon;
				ASSETCATALOG_COMPILER_GLOBAL_ACCENT_COLOR_NAME = AccentColor;
				CODE_SIGN_STYLE = Automatic;
				CURRENT_PROJECT_VERSION = 1;
				DEVELOPMENT_TEAM = 83F7KY8L5Y;
				ENABLE_PREVIEWS = YES;
				GENERATE_INFOPLIST_FILE = YES;
				INFOPLIST_KEY_CFBundleDisplayName = DoomClock;
				INFOPLIST_KEY_UILaunchScreen_Generation = YES;
				INFOPLIST_KEY_UISupportedInterfaceOrientations = UIInterfaceOrientationPortrait;
				IPHONEOS_DEPLOYMENT_TARGET = 17.6;
				LD_RUNPATH_SEARCH_PATHS = (
					"$(inherited)",
					"@executable_path/Frameworks",
				);
				MARKETING_VERSION = 1.0;
				PRODUCT_BUNDLE_IDENTIFIER = Gazza.DoomClock;
				PRODUCT_NAME = "$(TARGET_NAME)";
				SDKROOT = iphoneos;
				SKIP_INSTALL = NO;
				STRING_CATALOG_GENERATE_SYMBOLS = YES;
				SWIFT_APPROACHABLE_CONCURRENCY = YES;
				SWIFT_DEFAULT_ACTOR_ISOLATION = MainActor;
				SWIFT_EMIT_LOC_STRINGS = YES;
				SWIFT_UPCOMING_FEATURE_MEMBER_IMPORT_VISIBILITY = YES;
				SWIFT_VERSION = 5.0;
				TARGETED_DEVICE_FAMILY = 1;
			};
			name = Debug;
		};
		DC000003000000000000000C /* Release */ = {
			isa = XCBuildConfiguration;
			buildSettings = {
				ASSETCATALOG_COMPILER_APPICON_NAME = AppIcon;
				ASSETCATALOG_COMPILER_GLOBAL_ACCENT_COLOR_NAME = AccentColor;
				CODE_SIGN_STYLE = Automatic;
				CURRENT_PROJECT_VERSION = 1;
				DEVELOPMENT_TEAM = 83F7KY8L5Y;
				ENABLE_PREVIEWS = YES;
				GENERATE_INFOPLIST_FILE = YES;
				INFOPLIST_KEY_CFBundleDisplayName = DoomClock;
				INFOPLIST_KEY_UILaunchScreen_Generation = YES;
				INFOPLIST_KEY_UISupportedInterfaceOrientations = UIInterfaceOrientationPortrait;
				IPHONEOS_DEPLOYMENT_TARGET = 17.6;
				LD_RUNPATH_SEARCH_PATHS = (
					"$(inherited)",
					"@executable_path/Frameworks",
				);
				MARKETING_VERSION = 1.0;
				PRODUCT_BUNDLE_IDENTIFIER = Gazza.DoomClock;
				PRODUCT_NAME = "$(TARGET_NAME)";
				SDKROOT = iphoneos;
				SKIP_INSTALL = NO;
				STRING_CATALOG_GENERATE_SYMBOLS = YES;
				SWIFT_APPROACHABLE_CONCURRENCY = YES;
				SWIFT_DEFAULT_ACTOR_ISOLATION = MainActor;
				SWIFT_EMIT_LOC_STRINGS = YES;
				SWIFT_UPCOMING_FEATURE_MEMBER_IMPORT_VISIBILITY = YES;
				SWIFT_VERSION = 5.0;
				TARGETED_DEVICE_FAMILY = 1;
				VALIDATE_PRODUCT = YES;
			};
			name = Release;
		};
/* End XCBuildConfiguration section */

/* Begin XCConfigurationList section */
		CFA54A9B2FA8B46400956098 /* Build configuration list for PBXProject "DoomClock" */ = {
			isa = XCConfigurationList;
			buildConfigurations = (
				CFA54AAF2FA8B46500956098 /* Debug */,
				CFA54AB02FA8B46500956098 /* Release */,
			);
			defaultConfigurationIsVisible = 0;
			defaultConfigurationName = Release;
		};
		CFA54AB12FA8B46500956098 /* Build configuration list for PBXNativeTarget "DoomClock Watch App" */ = {
			isa = XCConfigurationList;
			buildConfigurations = (
				CFA54AB22FA8B46500956098 /* Debug */,
				CFA54AB32FA8B46500956098 /* Release */,
			);
			defaultConfigurationIsVisible = 0;
			defaultConfigurationName = Release;
		};
		DC0000010000000000000016 /* Build configuration list for PBXNativeTarget "DoomClock Complication" */ = {
			isa = XCConfigurationList;
			buildConfigurations = (
				DC0000010000000000000019 /* Debug */,
				DC000001000000000000001A /* Release */,
			);
			defaultConfigurationIsVisible = 0;
			defaultConfigurationName = Release;
		};
		DC0000030000000000000002 /* Build configuration list for PBXNativeTarget "DoomClock iOS" */ = {
			isa = XCConfigurationList;
			buildConfigurations = (
				DC000003000000000000000B /* Debug */,
				DC000003000000000000000C /* Release */,
			);
			defaultConfigurationIsVisible = 0;
			defaultConfigurationName = Release;
		};
/* End XCConfigurationList section */
	};
	rootObject = CFA54A982FA8B46400956098 /* Project object */;
}
